
Microsoft Visual Studio Solution File, Format Version 12.00
# Visual Studio Version 16
VisualStudioVersion = 16.0.31613.86
MinimumVisualStudioVersion = 10.0.40219.1
Project("{8BC9CEB8-8B4A-11D0-8D11-00A0C91BC942}") = "ProblemOfSelectionEx", "ProblemOfSelectionEx\ProblemOfSelectionEx.vcxproj", "{C119EDFE-4485-4B1C-8B59-07560D34EBAB}"
EndProject
Global
	GlobalSection(SolutionConfigurationPlatforms) = preSolution
		Debug|x64 = Debug|x64
		Debug|x86 = Debug|x86
		Release|x64 = Release|x64
		Release|x86 = Release|x86
	EndGlobalSection
	GlobalSection(ProjectConfigurationPlatforms) = postSolution
		{C119EDFE-4485-4B1C-8B59-07560D34EBAB}.Debug|x64.ActiveCfg = Debug|x64
		{C119EDFE-4485-4B1C-8B59-07560D34EBAB}.Debug|x64.Build.0 = Debug|x64
		{C119EDFE-4485-4B1C-8B59-07560D34EBAB}.Debug|x86.ActiveCfg = Debug|Win32
		{C119EDFE-4485-4B1C-8B59-07560D34EBAB}.Debug|x86.Build.0 = Debug|Win32
		{C119EDFE-4485-4B1C-8B59-07560D34EBAB}.Release|x64.ActiveCfg = Release|x64
		{C119EDFE-4485-4B1C-8B59-07560D34EBAB}.Release|x64.Build.0 = Release|x64
		{C119EDFE-4485-4B1C-8B59-07560D34EBAB}.Release|x86.ActiveCfg = Release|Win32
		{C119EDFE-4485-4B1C-8B59-07560D34EBAB}.Release|x86.Build.0 = Release|Win32
	EndGlobalSection
	GlobalSection(SolutionProperties) = preSolution
		HideSolutionNode = FALSE
	EndGlobalSection
	GlobalSection(ExtensibilityGlobals) = postSolution
		SolutionGuid = {111964DC-A04D-4AE2-8C56-D68754E98EA9}
	EndGlobalSection
EndGlobal
